{
    "_readme": [
        "This file locks the dependencies of your project to a known state",
        "Read more about it at https://getcomposer.org/doc/01-basic-usage.md#installing-dependencies",
        "This file is @generated automatically"
    ],
    "content-hash": "e4902ff2e0662819c933c871802b6087",
    "packages": [
        {
            "name": "darlanschmeller/php-env-loader",
            "version": "v1.0.0",
            "source": {
                "type": "git",
                "url": "https://github.com/DarlanSchmeller/php-env-loader.git",
                "reference": "cc2d6a3055e288ebb2aef5291a7ab9a741515904"
            },
            "dist": {
                "type": "zip",
                "url": "https://api.github.com/repos/DarlanSchmeller/php-env-loader/zipball/cc2d6a3055e288ebb2aef5291a7ab9a741515904",
                "reference": "cc2d6a3055e288ebb2aef5291a7ab9a741515904",
                "shasum": ""
            },
            "require": {
                "php": ">=8.0"
            },
            "type": "library",
            "autoload": {
                "psr-4": {
                    "Src\\": "src/"
                }
            },
            "notification-url": "https://packagist.org/downloads/",
            "license": [
                "MIT"
            ],
            "description": "Lightweight .env file loader for PHP with automatic type casting",
            "support": {
                "issues": "https://github.com/DarlanSchmeller/php-env-loader/issues",
                "source": "https://github.com/DarlanSchmeller/php-env-loader/tree/v1.0.0"
            },
            "time": "2026-01-15T11:42:35+00:00"
        }
    ],
    "packages-dev": [],
    "aliases": [],
    "minimum-stability": "stable",
    "stability-flags": {},
    "prefer-stable": false,
    "prefer-lowest": false,
    "platform": {},
    "platform-dev": {},
    "plugin-api-version": "2.6.0"
}
